Microsoft Visual Studio Solution File, Format Version 10.00
# Visual Studio 2008

Project("{098F6BCD-4621-D373-CADE-4E832627B4F6}") = "test", "test.csproj", "{315240C6-1218-A4A8-61EC-949166A85EF0}"
EndProject
Global
	GlobalSection(SolutionConfigurationPlatforms) = preSolution
		Debug|Any CPU = Debug|Any CPU
		Release|Any CPU = Release|Any CPU
	EndGlobalSection
	GlobalSection(ProjectConfigurationPlatforms) = postSolution
		{315240C6-1218-A4A8-61EC-949166A85EF0}.Debug|Any CPU.ActiveCfg = Debug|Any CPU
		{315240C6-1218-A4A8-61EC-949166A85EF0}.Debug|Any CPU.Build.0 = Debug|Any CPU
		{315240C6-1218-A4A8-61EC-949166A85EF0}.Release|Any CPU.ActiveCfg = Release|Any CPU
		{315240C6-1218-A4A8-61EC-949166A85EF0}.Release|Any CPU.Build.0 = Release|Any CPU
	EndGlobalSection
	GlobalSection(SolutionProperties) = preSolution
		HideSolutionNode = FALSE
	EndGlobalSection
EndGlobal
